// !$*UTF8*$!
{
	archiveVersion = 1;
	classes = {
	};
	objectVersion = 50;
	objects = {

/* Begin PBXBuildFile section */
		091DE0142124A95C00A01AC0 /* AppDelegate.swift in Sources */ = {isa = PBXBuildFile; fileRef = 091DE0132124A95C00A01AC0 /* AppDelegate.swift */; };
		091DE0192124A95C00A01AC0 /* Main.storyboard in Resources */ = {isa = PBXBuildFile; fileRef = 091DE0172124A95C00A01AC0 /* Main.storyboard */; };
		091DE01B2124A95D00A01AC0 /* Assets.xcassets in Resources */ = {isa = PBXBuildFile; fileRef = 091DE01A2124A95D00A01AC0 /* Assets.xcassets */; };
		091DE01E2124A95D00A01AC0 /* LaunchScreen.storyboard in Resources */ = {isa = PBXBuildFile; fileRef = 091DE01C2124A95D00A01AC0 /* LaunchScreen.storyboard */; };
		091DE0272124A9AA00A01AC0 /* MainMapViewController.swift in Sources */ = {isa = PBXBuildFile; fileRef = 091DE0262124A9AA00A01AC0 /* MainMapViewController.swift */; };
		091DE0292124AA7D00A01AC0 /* AnnotationTypeViewController.swift in Sources */ = {isa = PBXBuildFile; fileRef = 091DE0282124AA7D00A01AC0 /* AnnotationTypeViewController.swift */; };
		091DE02B2124AC9300A01AC0 /* LocationListViewController.swift in Sources */ = {isa = PBXBuildFile; fileRef = 091DE02A2124AC9300A01AC0 /* LocationListViewController.swift */; };
		091DE02F212D7BA200A01AC0 /* Model.xcdatamodeld in Sources */ = {isa = PBXBuildFile; fileRef = 091DE02D212D7BA200A01AC0 /* Model.xcdatamodeld */; };
		091DE032212D8FD500A01AC0 /* PinAnnotation+Extensions.swift in Sources */ = {isa = PBXBuildFile; fileRef = 091DE031212D8FD500A01AC0 /* PinAnnotation+Extensions.swift */; };
		091DE034212D953600A01AC0 /* PinImage+Extension.swift in Sources */ = {isa = PBXBuildFile; fileRef = 091DE033212D953600A01AC0 /* PinImage+Extension.swift */; };
		091DE036212D98F800A01AC0 /* CoreDataStack.swift in Sources */ = {isa = PBXBuildFile; fileRef = 091DE035212D98F800A01AC0 /* CoreDataStack.swift */; };
		095FCD2821373025005E2E82 /* ImagesCollectionViewController.swift in Sources */ = {isa = PBXBuildFile; fileRef = 095FCD2721373025005E2E82 /* ImagesCollectionViewController.swift */; };
		095FCD2A213749DD005E2E82 /* CustomCollectionViewCell.swift in Sources */ = {isa = PBXBuildFile; fileRef = 095FCD29213749DD005E2E82 /* CustomCollectionViewCell.swift */; };
		096D6F2B213F43BA00490EB2 /* FlickrAPIClient.swift in Sources */ = {isa = PBXBuildFile; fileRef = 096D6F2A213F43BA00490EB2 /* FlickrAPIClient.swift */; };
		096D6F2D213F4BC400490EB2 /* FlickrAPIConvenience.swift in Sources */ = {isa = PBXBuildFile; fileRef = 096D6F2C213F4BC400490EB2 /* FlickrAPIConvenience.swift */; };
		096D6F2F213F4C1300490EB2 /* FlickrAPIConstants.swift in Sources */ = {isa = PBXBuildFile; fileRef = 096D6F2E213F4C1300490EB2 /* FlickrAPIConstants.swift */; };
		09902D8B213567E400F880E6 /* MapDetailViewController.swift in Sources */ = {isa = PBXBuildFile; fileRef = 09902D8A213567E400F880E6 /* MapDetailViewController.swift */; };
/* End PBXBuildFile section */

/* Begin PBXFileReference section */
		091DE0102124A95C00A01AC0 /* FlickVisitR.app */ = {isa = PBXFileReference; explicitFileType = wrapper.application; includeInIndex = 0; path = FlickVisitR.app; sourceTree = BUILT_PRODUCTS_DIR; };
		091DE0132124A95C00A01AC0 /* AppDelegate.swift */ = {isa = PBXFileReference; lastKnownFileType = sourcecode.swift; path = AppDelegate.swift; sourceTree = "<group>"; };
		091DE0182124A95C00A01AC0 /* Base */ = {isa = PBXFileReference; lastKnownFileType = file.storyboard; name = Base; path = Base.lproj/Main.storyboard; sourceTree = "<group>"; };
		091DE01A2124A95D00A01AC0 /* Assets.xcassets */ = {isa = PBXFileReference; lastKnownFileType = folder.assetcatalog; path = Assets.xcassets; sourceTree = "<group>"; };
		091DE01D2124A95D00A01AC0 /* Base */ = {isa = PBXFileReference; lastKnownFileType = file.storyboard; name = Base; path = Base.lproj/LaunchScreen.storyboard; sourceTree = "<group>"; };
		091DE01F2124A95D00A01AC0 /* Info.plist */ = {isa = PBXFileReference; lastKnownFileType = text.plist.xml; path = Info.plist; sourceTree = "<group>"; };
		091DE0262124A9AA00A01AC0 /* MainMapViewController.swift */ = {isa = PBXFileReference; lastKnownFileType = sourcecode.swift; path = MainMapViewController.swift; sourceTree = "<group>"; };
		091DE0282124AA7D00A01AC0 /* AnnotationTypeViewController.swift */ = {isa = PBXFileReference; lastKnownFileType = sourcecode.swift; path = AnnotationTypeViewController.swift; sourceTree = "<group>"; };
		091DE02A2124AC9300A01AC0 /* LocationListViewController.swift */ = {isa = PBXFileReference; lastKnownFileType = sourcecode.swift; path = LocationListViewController.swift; sourceTree = "<group>"; };
		091DE02E212D7BA200A01AC0 /* Model.xcdatamodel */ = {isa = PBXFileReference; lastKnownFileType = wrapper.xcdatamodel; path = Model.xcdatamodel; sourceTree = "<group>"; };
		091DE031212D8FD500A01AC0 /* PinAnnotation+Extensions.swift */ = {isa = PBXFileReference; lastKnownFileType = sourcecode.swift; path = "PinAnnotation+Extensions.swift"; sourceTree = "<group>"; };
		091DE033212D953600A01AC0 /* PinImage+Extension.swift */ = {isa = PBXFileReference; lastKnownFileType = sourcecode.swift; path = "PinImage+Extension.swift"; sourceTree = "<group>"; };
		091DE035212D98F800A01AC0 /* CoreDataStack.swift */ = {isa = PBXFileReference; lastKnownFileType = sourcecode.swift; path = CoreDataStack.swift; sourceTree = "<group>"; };
		095FCD2721373025005E2E82 /* ImagesCollectionViewController.swift */ = {isa = PBXFileReference; lastKnownFileType = sourcecode.swift; path = ImagesCollectionViewController.swift; sourceTree = "<group>"; };
		095FCD29213749DD005E2E82 /* CustomCollectionViewCell.swift */ = {isa = PBXFileReference; lastKnownFileType = sourcecode.swift; path = CustomCollectionViewCell.swift; sourceTree = "<group>"; };
		096D6F2A213F43BA00490EB2 /* FlickrAPIClient.swift */ = {isa = PBXFileReference; lastKnownFileType = sourcecode.swift; path = FlickrAPIClient.swift; sourceTree = "<group>"; };
		096D6F2C213F4BC400490EB2 /* FlickrAPIConvenience.swift */ = {isa = PBXFileReference; lastKnownFileType = sourcecode.swift; path = FlickrAPIConvenience.swift; sourceTree = "<group>"; };
		096D6F2E213F4C1300490EB2 /* FlickrAPIConstants.swift */ = {isa = PBXFileReference; lastKnownFileType = sourcecode.swift; path = FlickrAPIConstants.swift; sourceTree = "<group>"; };
		09902D8A213567E400F880E6 /* MapDetailViewController.swift */ = {isa = PBXFileReference; lastKnownFileType = sourcecode.swift; path = MapDetailViewController.swift; sourceTree = "<group>"; };
/* End PBXFileReference section */

/* Begin PBXFrameworksBuildPhase section */
		091DE00D2124A95C00A01AC0 /* Frameworks */ = {
			isa = PBXFrameworksBuildPhase;
			buildActionMask = 2147483647;
			files = (
			);
			runOnlyForDeploymentPostprocessing = 0;
		};
/* End PBXFrameworksBuildPhase section */

/* Begin PBXGroup section */
		091DE0072124A95C00A01AC0 = {
			isa = PBXGroup;
			children = (
				091DE0122124A95C00A01AC0 /* FlickVisitR */,
				091DE0112124A95C00A01AC0 /* Products */,
			);
			sourceTree = "<group>";
		};
		091DE0112124A95C00A01AC0 /* Products */ = {
			isa = PBXGroup;
			children = (
				091DE0102124A95C00A01AC0 /* FlickVisitR.app */,
			);
			name = Products;
			sourceTree = "<group>";
		};
		091DE0122124A95C00A01AC0 /* FlickVisitR */ = {
			isa = PBXGroup;
			children = (
				096D6F29213F42F500490EB2 /* FlickrClient */,
				091DE02C212D7B8800A01AC0 /* Model */,
				091DE0252124A98300A01AC0 /* Controllers */,
				091DE0132124A95C00A01AC0 /* AppDelegate.swift */,
				091DE0172124A95C00A01AC0 /* Main.storyboard */,
				091DE01A2124A95D00A01AC0 /* Assets.xcassets */,
				091DE01C2124A95D00A01AC0 /* LaunchScreen.storyboard */,
				091DE01F2124A95D00A01AC0 /* Info.plist */,
			);
			path = FlickVisitR;
			sourceTree = "<group>";
		};
		091DE0252124A98300A01AC0 /* Controllers */ = {
			isa = PBXGroup;
			children = (
				091DE0262124A9AA00A01AC0 /* MainMapViewController.swift */,
				091DE0282124AA7D00A01AC0 /* AnnotationTypeViewController.swift */,
				091DE02A2124AC9300A01AC0 /* LocationListViewController.swift */,
				09902D8A213567E400F880E6 /* MapDetailViewController.swift */,
				095FCD2721373025005E2E82 /* ImagesCollectionViewController.swift */,
				095FCD29213749DD005E2E82 /* CustomCollectionViewCell.swift */,
			);
			path = Controllers;
			sourceTree = "<group>";
		};
		091DE02C212D7B8800A01AC0 /* Model */ = {
			isa = PBXGroup;
			children = (
				091DE030212D8F3900A01AC0 /* Managed Object Extensions */,
				091DE02D212D7BA200A01AC0 /* Model.xcdatamodeld */,
				091DE035212D98F800A01AC0 /* CoreDataStack.swift */,
			);
			path = Model;
			sourceTree = "<group>";
		};
		091DE030212D8F3900A01AC0 /* Managed Object Extensions */ = {
			isa = PBXGroup;
			children = (
				091DE031212D8FD500A01AC0 /* PinAnnotation+Extensions.swift */,
				091DE033212D953600A01AC0 /* PinImage+Extension.swift */,
			);
			path = "Managed Object Extensions";
			sourceTree = "<group>";
		};
		096D6F29213F42F500490EB2 /* FlickrClient */ = {
			isa = PBXGroup;
			children = (
				096D6F2A213F43BA00490EB2 /* FlickrAPIClient.swift */,
				096D6F2C213F4BC400490EB2 /* FlickrAPIConvenience.swift */,
				096D6F2E213F4C1300490EB2 /* FlickrAPIConstants.swift */,
			);
			path = FlickrClient;
			sourceTree = "<group>";
		};
/* End PBXGroup section */

/* Begin PBXNativeTarget section */
		091DE00F2124A95C00A01AC0 /* FlickVisitR */ = {
			isa = PBXNativeTarget;
			buildConfigurationList = 091DE0222124A95D00A01AC0 /* Build configuration list for PBXNativeTarget "FlickVisitR" */;
			buildPhases = (
				091DE00C2124A95C00A01AC0 /* Sources */,
				091DE00D2124A95C00A01AC0 /* Frameworks */,
				091DE00E2124A95C00A01AC0 /* Resources */,
			);
			buildRules = (
			);
			dependencies = (
			);
			name = FlickVisitR;
			productName = FlickVisitR;
			productReference = 091DE0102124A95C00A01AC0 /* FlickVisitR.app */;
			productType = "com.apple.product-type.application";
		};
/* End PBXNativeTarget section */

/* Begin PBXProject section */
		091DE0082124A95C00A01AC0 /* Project object */ = {
			isa = PBXProject;
			attributes = {
				LastSwiftUpdateCheck = 0940;
				LastUpgradeCheck = 0940;
				ORGANIZATIONNAME = "Norbert Grover";
				TargetAttributes = {
					091DE00F2124A95C00A01AC0 = {
						CreatedOnToolsVersion = 9.4.1;
					};
				};
			};
			buildConfigurationList = 091DE00B2124A95C00A01AC0 /* Build configuration list for PBXProject "FlickVisitR" */;
			compatibilityVersion = "Xcode 9.3";
			developmentRegion = en;
			hasScannedForEncodings = 0;
			knownRegions = (
				en,
				Base,
			);
			mainGroup = 091DE0072124A95C00A01AC0;
			productRefGroup = 091DE0112124A95C00A01AC0 /* Products */;
			projectDirPath = "";
			projectRoot = "";
			targets = (
				091DE00F2124A95C00A01AC0 /* FlickVisitR */,
			);
		};
/* End PBXProject section */

/* Begin PBXResourcesBuildPhase section */
		091DE00E2124A95C00A01AC0 /* Resources */ = {
			isa = PBXResourcesBuildPhase;
			buildActionMask = 2147483647;
			files = (
				091DE01E2124A95D00A01AC0 /* LaunchScreen.storyboard in Resources */,
				091DE01B2124A95D00A01AC0 /* Assets.xcassets in Resources */,
				091DE0192124A95C00A01AC0 /* Main.storyboard in Resources */,
			);
			runOnlyForDeploymentPostprocessing = 0;
		};
/* End PBXResourcesBuildPhase section */

/* Begin PBXSourcesBuildPhase section */
		091DE00C2124A95C00A01AC0 /* Sources */ = {
			isa = PBXSourcesBuildPhase;
			buildActionMask = 2147483647;
			files = (
				091DE0272124A9AA00A01AC0 /* MainMapViewController.swift in Sources */,
				091DE0142124A95C00A01AC0 /* AppDelegate.swift in Sources */,
				091DE02F212D7BA200A01AC0 /* Model.xcdatamodeld in Sources */,
				096D6F2F213F4C1300490EB2 /* FlickrAPIConstants.swift in Sources */,
				091DE02B2124AC9300A01AC0 /* LocationListViewController.swift in Sources */,
				091DE032212D8FD500A01AC0 /* PinAnnotation+Extensions.swift in Sources */,
				09902D8B213567E400F880E6 /* MapDetailViewController.swift in Sources */,
				091DE0292124AA7D00A01AC0 /* AnnotationTypeViewController.swift in Sources */,
				091DE034212D953600A01AC0 /* PinImage+Extension.swift in Sources */,
				096D6F2B213F43BA00490EB2 /* FlickrAPIClient.swift in Sources */,
				095FCD2821373025005E2E82 /* ImagesCollectionViewController.swift in Sources */,
				091DE036212D98F800A01AC0 /* CoreDataStack.swift in Sources */,
				096D6F2D213F4BC400490EB2 /* FlickrAPIConvenience.swift in Sources */,
				095FCD2A213749DD005E2E82 /* CustomCollectionViewCell.swift in Sources */,
			);
			runOnlyForDeploymentPostprocessing = 0;
		};
/* End PBXSourcesBuildPhase section */

/* Begin PBXVariantGroup section */
		091DE0172124A95C00A01AC0 /* Main.storyboard */ = {
			isa = PBXVariantGroup;
			children = (
				091DE0182124A95C00A01AC0 /* Base */,
			);
			name = Main.storyboard;
			sourceTree = "<group>";
		};
		091DE01C2124A95D00A01AC0 /* LaunchScreen.storyboard */ = {
			isa = PBXVariantGroup;
			children = (
				091DE01D2124A95D00A01AC0 /* Base */,
			);
			name = LaunchScreen.storyboard;
			sourceTree = "<group>";
		};
/* End PBXVariantGroup section */

/* Begin XCBuildConfiguration section */
		091DE0202124A95D00A01AC0 /* Debug */ = {
			isa = XCBuildConfiguration;
			buildSettings = {
				ALWAYS_SEARCH_USER_PATHS = NO;
				CLANG_ANALYZER_NONNULL = YES;
				CLANG_ANALYZER_NUMBER_OBJECT_CONVERSION = YES_AGGRESSIVE;
				CLANG_CXX_LANGUAGE_STANDARD = "gnu++14";
				CLANG_CXX_LIBRARY = "libc++";
				CLANG_ENABLE_MODULES = YES;
				CLANG_ENABLE_OBJC_ARC = YES;
				CLANG_ENABLE_OBJC_WEAK = YES;
				CLANG_WARN_BLOCK_CAPTURE_AUTORELEASING = YES;
				CLANG_WARN_BOOL_CONVERSION = YES;
				CLANG_WARN_COMMA = YES;
				CLANG_WARN_CONSTANT_CONVERSION = YES;
				CLANG_WARN_DEPRECATED_OBJC_IMPLEMENTATIONS = YES;
				CLANG_WARN_DIRECT_OBJC_ISA_USAGE = YES_ERROR;
				CLANG_WARN_DOCUMENTATION_COMMENTS = YES;
				CLANG_WARN_EMPTY_BODY = YES;
				CLANG_WARN_ENUM_CONVERSION = YES;
				CLANG_WARN_INFINITE_RECURSION = YES;
				CLANG_WARN_INT_CONVERSION = YES;
				CLANG_WARN_NON_LITERAL_NULL_CONVERSION = YES;
				CLANG_WARN_OBJC_IMPLICIT_RETAIN_SELF = YES;
				CLANG_WARN_OBJC_LITERAL_CONVERSION = YES;
				CLANG_WARN_OBJC_ROOT_CLASS = YES_ERROR;
				CLANG_WARN_RANGE_LOOP_ANALYSIS = YES;
				CLANG_WARN_STRICT_PROTOTYPES = YES;
				CLANG_WARN_SUSPICIOUS_MOVE = YES;
				CLANG_WARN_UNGUARDED_AVAILABILITY = YES_AGGRESSIVE;
				CLANG_WARN_UNREACHABLE_CODE = YES;
				CLANG_WARN__DUPLICATE_METHOD_MATCH = YES;
				CODE_SIGN_IDENTITY = "iPhone Developer";
				COPY_PHASE_STRIP = NO;
				DEBUG_INFORMATION_FORMAT = dwarf;
				ENABLE_STRICT_OBJC_MSGSEND = YES;
				ENABLE_TESTABILITY = YES;
				GCC_C_LANGUAGE_STANDARD = gnu11;
				GCC_DYNAMIC_NO_PIC = NO;
				GCC_NO_COMMON_BLOCKS = YES;
				GCC_OPTIMIZATION_LEVEL = 0;
				GCC_PREPROCESSOR_DEFINITIONS = (
					"DEBUG=1",
					"$(inherited)",
				);
				GCC_WARN_64_TO_32_BIT_CONVERSION = YES;
				GCC_WARN_ABOUT_RETURN_TYPE = YES_ERROR;
				GCC_WARN_UNDECLARED_SELECTOR = YES;
				GCC_WARN_UNINITIALIZED_AUTOS = YES_AGGRESSIVE;
				GCC_WARN_UNUSED_FUNCTION = YES;
				GCC_WARN_UNUSED_VARIABLE = YES;
				IPHONEOS_DEPLOYMENT_TARGET = 11.4;
				MTL_ENABLE_DEBUG_INFO = YES;
				ONLY_ACTIVE_ARCH = YES;
				SDKROOT = iphoneos;
				SWIFT_ACTIVE_COMPILATION_CONDITIONS = DEBUG;
				SWIFT_OPTIMIZATION_LEVEL = "-Onone";
			};
			name = Debug;
		};
		091DE0212124A95D00A01AC0 /* Release */ = {
			isa = XCBuildConfiguration;
			buildSettings = {
				ALWAYS_SEARCH_USER_PATHS = NO;
				CLANG_ANALYZER_NONNULL = YES;
				CLANG_ANALYZER_NUMBER_OBJECT_CONVERSION = YES_AGGRESSIVE;
				CLANG_CXX_LANGUAGE_STANDARD = "gnu++14";
				CLANG_CXX_LIBRARY = "libc++";
				CLANG_ENABLE_MODULES = YES;
				CLANG_ENABLE_OBJC_ARC = YES;
				CLANG_ENABLE_OBJC_WEAK = YES;
				CLANG_WARN_BLOCK_CAPTURE_AUTORELEASING = YES;
				CLANG_WARN_BOOL_CONVERSION = YES;
				CLANG_WARN_COMMA = YES;
				CLANG_WARN_CONSTANT_CONVERSION = YES;
				CLANG_WARN_DEPRECATED_OBJC_IMPLEMENTATIONS = YES;
				CLANG_WARN_DIRECT_OBJC_ISA_USAGE = YES_ERROR;
				CLANG_WARN_DOCUMENTATION_COMMENTS = YES;
				CLANG_WARN_EMPTY_BODY = YES;
				CLANG_WARN_ENUM_CONVERSION = YES;
				CLANG_WARN_INFINITE_RECURSION = YES;
				CLANG_WARN_INT_CONVERSION = YES;
				CLANG_WARN_NON_LITERAL_NULL_CONVERSION = YES;
				CLANG_WARN_OBJC_IMPLICIT_RETAIN_SELF = YES;
				CLANG_WARN_OBJC_LITERAL_CONVERSION = YES;
				CLANG_WARN_OBJC_ROOT_CLASS = YES_ERROR;
				CLANG_WARN_RANGE_LOOP_ANALYSIS = YES;
				CLANG_WARN_STRICT_PROTOTYPES = YES;
				CLANG_WARN_SUSPICIOUS_MOVE = YES;
				CLANG_WARN_UNGUARDED_AVAILABILITY = YES_AGGRESSIVE;
				CLANG_WARN_UNREACHABLE_CODE = YES;
				CLANG_WARN__DUPLICATE_METHOD_MATCH = YES;
				CODE_SIGN_IDENTITY = "iPhone Developer";
				COPY_PHASE_STRIP = NO;
				DEBUG_INFORMATION_FORMAT = "dwarf-with-dsym";
				ENABLE_NS_ASSERTIONS = NO;
				ENABLE_STRICT_OBJC_MSGSEND = YES;
				GCC_C_LANGUAGE_STANDARD = gnu11;
				GCC_NO_COMMON_BLOCKS = YES;
				GCC_WARN_64_TO_32_BIT_CONVERSION = YES;
				GCC_WARN_ABOUT_RETURN_TYPE = YES_ERROR;
				GCC_WARN_UNDECLARED_SELECTOR = YES;
				GCC_WARN_UNINITIALIZED_AUTOS = YES_AGGRESSIVE;
				GCC_WARN_UNUSED_FUNCTION = YES;
				GCC_WARN_UNUSED_VARIABLE = YES;
				IPHONEOS_DEPLOYMENT_TARGET = 11.4;
				MTL_ENABLE_DEBUG_INFO = NO;
				SDKROOT = iphoneos;
				SWIFT_COMPILATION_MODE = wholemodule;
				SWIFT_OPTIMIZATION_LEVEL = "-O";
				VALIDATE_PRODUCT = YES;
			};
			name = Release;
		};
		091DE0232124A95D00A01AC0 /* Debug */ = {
			isa = XCBuildConfiguration;
			buildSettings = {
				ASSETCATALOG_COMPILER_APPICON_NAME = AppIcon;
				CODE_SIGN_STYLE = Automatic;
				DEVELOPMENT_TEAM = 93TAG27MAJ;
				INFOPLIST_FILE = FlickVisitR/Info.plist;
				LD_RUNPATH_SEARCH_PATHS = (
					"$(inherited)",
					"@executable_path/Frameworks",
				);
				PRODUCT_BUNDLE_IDENTIFIER = GroverTech.FlickVisitR;
				PRODUCT_NAME = "$(TARGET_NAME)";
				SWIFT_VERSION = 4.0;
				TARGETED_DEVICE_FAMILY = "1,2";
			};
			name = Debug;
		};
		091DE0242124A95D00A01AC0 /* Release */ = {
			isa = XCBuildConfiguration;
			buildSettings = {
				ASSETCATALOG_COMPILER_APPICON_NAME = AppIcon;
				CODE_SIGN_STYLE = Automatic;
				DEVELOPMENT_TEAM = 93TAG27MAJ;
				INFOPLIST_FILE = FlickVisitR/Info.plist;
				LD_RUNPATH_SEARCH_PATHS = (
					"$(inherited)",
					"@executable_path/Frameworks",
				);
				PRODUCT_BUNDLE_IDENTIFIER = GroverTech.FlickVisitR;
				PRODUCT_NAME = "$(TARGET_NAME)";
				SWIFT_VERSION = 4.0;
				TARGETED_DEVICE_FAMILY = "1,2";
			};
			name = Release;
		};
/* End XCBuildConfiguration section */

/* Begin XCConfigurationList section */
		091DE00B2124A95C00A01AC0 /* Build configuration list for PBXProject "FlickVisitR" */ = {
			isa = XCConfigurationList;
			buildConfigurations = (
				091DE0202124A95D00A01AC0 /* Debug */,
				091DE0212124A95D00A01AC0 /* Release */,
			);
			defaultConfigurationIsVisible = 0;
			defaultConfigurationName = Release;
		};
		091DE0222124A95D00A01AC0 /* Build configuration list for PBXNativeTarget "FlickVisitR" */ = {
			isa = XCConfigurationList;
			buildConfigurations = (
				091DE0232124A95D00A01AC0 /* Debug */,
				091DE0242124A95D00A01AC0 /* Release */,
			);
			defaultConfigurationIsVisible = 0;
			defaultConfigurationName = Release;
		};
/* End XCConfigurationList section */

/* Begin XCVersionGroup section */
		091DE02D212D7BA200A01AC0 /* Model.xcdatamodeld */ = {
			isa = XCVersionGroup;
			children = (
				091DE02E212D7BA200A01AC0 /* Model.xcdatamodel */,
			);
			currentVersion = 091DE02E212D7BA200A01AC0 /* Model.xcdatamodel */;
			path = Model.xcdatamodeld;
			sourceTree = "<group>";
			versionGroupType = wrapper.xcdatamodel;
		};
/* End XCVersionGroup section */
	};
	rootObject = 091DE0082124A95C00A01AC0 /* Project object */;
}
